<?xml version="1.0" encoding="utf-8"?>
<Project ToolsVersion="4.0" xmlns="http://schemas.microsoft.com/developer/msbuild/2003">
  <ItemGroup>
    <Filter Include="PlatformDependent">
      <UniqueIdentifier>{12dec525-6118-461a-adb1-f246e1014429}</UniqueIdentifier>
    </Filter>
    <Filter Include="Miscellaneous">
      <UniqueIdentifier>{142da641-b7d1-438f-8cf4-3cf7eb538bd2}</UniqueIdentifier>
    </Filter>
    <Filter Include="UserInterface">
      <UniqueIdentifier>{ba86bea4-5c5e-47bc-96cd-ad0fcf0e70d5}</UniqueIdentifier>
    </Filter>
    <Filter Include="EngineBase">
      <UniqueIdentifier>{93995380-89BD-4b04-88EB-625FBE52EBFB}</UniqueIdentifier>
      <Extensions>h;hh;hpp;hxx;hm;inl;inc;xsd</Extensions>
    </Filter>
    <Filter Include="Syntax">
      <UniqueIdentifier>{569f7495-0230-4aa0-b033-1ff873855e6d}</UniqueIdentifier>
    </Filter>
    <Filter Include="ImageCodec">
      <UniqueIdentifier>{a7d11f69-e741-41e1-8736-7f7b9bc51687}</UniqueIdentifier>
    </Filter>
    <Filter Include="Processes">
      <UniqueIdentifier>{875d00d9-f3fd-43dc-a781-3f237cb9de17}</UniqueIdentifier>
    </Filter>
    <Filter Include="Network">
      <UniqueIdentifier>{2204c14a-ecd8-4669-a627-ba0341a93a4c}</UniqueIdentifier>
    </Filter>
    <Filter Include="Storage">
      <UniqueIdentifier>{c65bcffa-ccce-41a7-b288-1b27ca105d12}</UniqueIdentifier>
    </Filter>
    <Filter Include="Math">
      <UniqueIdentifier>{4412c2f8-d2b8-44ae-9a0d-e73013193c6f}</UniqueIdentifier>
    </Filter>
    <Filter Include="PlatformSpecific">
      <UniqueIdentifier>{70776db3-808a-4edb-be5e-81b91374b43c}</UniqueIdentifier>
    </Filter>
  </ItemGroup>
  <ItemGroup>
    <ClInclude Include="EngineBase.h">
      <Filter>EngineBase</Filter>
    </ClInclude>
    <ClInclude Include="PlatformDependent\Base.h">
      <Filter>PlatformDependent</Filter>
    </ClInclude>
    <ClInclude Include="PlatformDependent\Direct2D.h">
      <Filter>PlatformDependent</Filter>
    </ClInclude>
    <ClInclude Include="PlatformDependent\FileApi.h">
      <Filter>PlatformDependent</Filter>
    </ClInclude>
    <ClInclude Include="Streaming.h">
      <Filter>EngineBase</Filter>
    </ClInclude>
    <ClInclude Include="PlatformDependent\ComInterop.h">
      <Filter>PlatformDependent</Filter>
    </ClInclude>
    <ClInclude Include="Miscellaneous\Dictionary.h">
      <Filter>Miscellaneous</Filter>
    </ClInclude>
    <ClInclude Include="Miscellaneous\DynamicString.h">
      <Filter>Miscellaneous</Filter>
    </ClInclude>
    <ClInclude Include="UserInterface\ControlBase.h">
      <Filter>UserInterface</Filter>
    </ClInclude>
    <ClInclude Include="UserInterface\ShapeBase.h">
      <Filter>UserInterface</Filter>
    </ClInclude>
    <ClInclude Include="UserInterface\Templates.h">
      <Filter>UserInterface</Filter>
    </ClInclude>
    <ClInclude Include="Miscellaneous\Reflection.h">
      <Filter>Miscellaneous</Filter>
    </ClInclude>
    <ClInclude Include="UserInterface\ControlClasses.h">
      <Filter>UserInterface</Filter>
    </ClInclude>
    <ClInclude Include="UserInterface\StaticControls.h">
      <Filter>UserInterface</Filter>
    </ClInclude>
    <ClInclude Include="PlatformDependent\WindowStation.h">
      <Filter>PlatformDependent</Filter>
    </ClInclude>
    <ClInclude Include="UserInterface\ButtonControls.h">
      <Filter>UserInterface</Filter>
    </ClInclude>
    <ClInclude Include="PlatformDependent\StringConvert.h">
      <Filter>PlatformDependent</Filter>
    </ClInclude>
    <ClInclude Include="UserInterface\GroupControls.h">
      <Filter>UserInterface</Filter>
    </ClInclude>
    <ClInclude Include="PlatformDependent\KeyCodes.h">
      <Filter>PlatformDependent</Filter>
    </ClInclude>
    <ClInclude Include="UserInterface\Menues.h">
      <Filter>UserInterface</Filter>
    </ClInclude>
    <ClInclude Include="UserInterface\OverlappedWindows.h">
      <Filter>UserInterface</Filter>
    </ClInclude>
    <ClInclude Include="Syntax\Tokenization.h">
      <Filter>Syntax</Filter>
    </ClInclude>
    <ClInclude Include="Syntax\Regular.h">
      <Filter>Syntax</Filter>
    </ClInclude>
    <ClInclude Include="Syntax\Grammar.h">
      <Filter>Syntax</Filter>
    </ClInclude>
    <ClInclude Include="Syntax\MathExpression.h">
      <Filter>Syntax</Filter>
    </ClInclude>
    <ClInclude Include="UserInterface\ScrollableControls.h">
      <Filter>UserInterface</Filter>
    </ClInclude>
    <ClInclude Include="PlatformDependent\Clipboard.h">
      <Filter>PlatformDependent</Filter>
    </ClInclude>
    <ClInclude Include="UserInterface\EditControls.h">
      <Filter>UserInterface</Filter>
    </ClInclude>
    <ClInclude Include="Miscellaneous\UndoBuffer.h">
      <Filter>Miscellaneous</Filter>
    </ClInclude>
    <ClInclude Include="ImageCodec\CodecBase.h">
      <Filter>ImageCodec</Filter>
    </ClInclude>
    <ClInclude Include="ImageCodec\IconCodec.h">
      <Filter>ImageCodec</Filter>
    </ClInclude>
    <ClInclude Include="UserInterface\Animation.h">
      <Filter>UserInterface</Filter>
    </ClInclude>
    <ClInclude Include="Processes\Process.h">
      <Filter>Processes</Filter>
    </ClInclude>
    <ClInclude Include="Processes\Threading.h">
      <Filter>Processes</Filter>
    </ClInclude>
    <ClInclude Include="Processes\Shell.h">
      <Filter>Processes</Filter>
    </ClInclude>
    <ClInclude Include="PlatformDependent\Direct3D.h">
      <Filter>PlatformDependent</Filter>
    </ClInclude>
    <ClInclude Include="PlatformDependent\NativeStation.h">
      <Filter>PlatformDependent</Filter>
    </ClInclude>
    <ClInclude Include="Network\Socket.h">
      <Filter>Network</Filter>
    </ClInclude>
    <ClInclude Include="Network\Punycode.h">
      <Filter>Network</Filter>
    </ClInclude>
    <ClInclude Include="Miscellaneous\Time.h">
      <Filter>Miscellaneous</Filter>
    </ClInclude>
    <ClInclude Include="Storage\Registry.h">
      <Filter>Storage</Filter>
    </ClInclude>
    <ClInclude Include="Storage\TextRegistry.h">
      <Filter>Storage</Filter>
    </ClInclude>
    <ClInclude Include="Storage\TextRegistryGrammar.h">
      <Filter>Storage</Filter>
    </ClInclude>
    <ClInclude Include="Storage\SubbyteCoding.h">
      <Filter>Storage</Filter>
    </ClInclude>
    <ClInclude Include="Storage\Compression.h">
      <Filter>Storage</Filter>
    </ClInclude>
    <ClInclude Include="Storage\Chain.h">
      <Filter>Storage</Filter>
    </ClInclude>
    <ClInclude Include="Miscellaneous\ThreadPool.h">
      <Filter>Miscellaneous</Filter>
    </ClInclude>
    <ClInclude Include="Storage\Archive.h">
      <Filter>Storage</Filter>
    </ClInclude>
    <ClInclude Include="Storage\ImageVolume.h">
      <Filter>Storage</Filter>
    </ClInclude>
    <ClInclude Include="EngineRuntime.h">
      <Filter>EngineBase</Filter>
    </ClInclude>
    <ClInclude Include="Network\HTTP.h">
      <Filter>Network</Filter>
    </ClInclude>
    <ClInclude Include="PlatformDependent\Assembly.h">
      <Filter>PlatformDependent</Filter>
    </ClInclude>
    <ClInclude Include="UserInterface\ListControls.h">
      <Filter>UserInterface</Filter>
    </ClInclude>
    <ClInclude Include="Storage\StringTable.h">
      <Filter>Storage</Filter>
    </ClInclude>
    <ClInclude Include="UserInterface\CombinedControls.h">
      <Filter>UserInterface</Filter>
    </ClInclude>
    <ClInclude Include="PlatformDependent\Application.h">
      <Filter>PlatformDependent</Filter>
    </ClInclude>
    <ClInclude Include="Math\MathBase.h">
      <Filter>Math</Filter>
    </ClInclude>
    <ClInclude Include="Math\Complex.h">
      <Filter>Math</Filter>
    </ClInclude>
    <ClInclude Include="Math\Vector.h">
      <Filter>Math</Filter>
    </ClInclude>
    <ClInclude Include="Math\Matrix.h">
      <Filter>Math</Filter>
    </ClInclude>
    <ClInclude Include="PlatformDependent\SystemColors.h">
      <Filter>PlatformDependent</Filter>
    </ClInclude>
    <ClInclude Include="PlatformSpecific\WindowsTaskbar.h">
      <Filter>PlatformSpecific</Filter>
    </ClInclude>
    <ClInclude Include="PlatformSpecific\WindowsRegistry.h">
      <Filter>PlatformSpecific</Filter>
    </ClInclude>
    <ClInclude Include="PlatformSpecific\WindowsShortcut.h">
      <Filter>PlatformSpecific</Filter>
    </ClInclude>
    <ClInclude Include="PlatformSpecific\WindowsEffects.h">
      <Filter>PlatformSpecific</Filter>
    </ClInclude>
    <ClInclude Include="Storage\JSON.h">
      <Filter>Storage</Filter>
    </ClInclude>
    <ClInclude Include="Storage\Object.h">
      <Filter>Storage</Filter>
    </ClInclude>
    <ClInclude Include="UserInterface\BinaryLoaderLegacy.h">
      <Filter>UserInterface</Filter>
    </ClInclude>
    <ClInclude Include="UserInterface\InterfaceFormat.h">
      <Filter>UserInterface</Filter>
    </ClInclude>
    <ClInclude Include="UserInterface\BinaryLoader.h">
      <Filter>UserInterface</Filter>
    </ClInclude>
    <ClInclude Include="UserInterface\Canvas.h">
      <Filter>UserInterface</Filter>
    </ClInclude>
    <ClInclude Include="Math\Color.h">
      <Filter>Math</Filter>
    </ClInclude>
  </ItemGroup>
  <ItemGroup>
    <ClCompile Include="PlatformDependent\Base.cpp">
      <Filter>PlatformDependent</Filter>
    </ClCompile>
    <ClCompile Include="PlatformDependent\Direct2D.cpp">
      <Filter>PlatformDependent</Filter>
    </ClCompile>
    <ClCompile Include="PlatformDependent\FileApi.cpp">
      <Filter>PlatformDependent</Filter>
    </ClCompile>
    <ClCompile Include="PlatformDependent\ComInterop.cpp">
      <Filter>PlatformDependent</Filter>
    </ClCompile>
    <ClCompile Include="Miscellaneous\DynamicString.cpp">
      <Filter>Miscellaneous</Filter>
    </ClCompile>
    <ClCompile Include="UserInterface\ControlBase.cpp">
      <Filter>UserInterface</Filter>
    </ClCompile>
    <ClCompile Include="UserInterface\ShapeBase.cpp">
      <Filter>UserInterface</Filter>
    </ClCompile>
    <ClCompile Include="UserInterface\Templates.cpp">
      <Filter>UserInterface</Filter>
    </ClCompile>
    <ClCompile Include="Miscellaneous\Reflection.cpp">
      <Filter>Miscellaneous</Filter>
    </ClCompile>
    <ClCompile Include="UserInterface\ControlClasses.cpp">
      <Filter>UserInterface</Filter>
    </ClCompile>
    <ClCompile Include="UserInterface\StaticControls.cpp">
      <Filter>UserInterface</Filter>
    </ClCompile>
    <ClCompile Include="PlatformDependent\WindowStation.cpp">
      <Filter>PlatformDependent</Filter>
    </ClCompile>
    <ClCompile Include="UserInterface\ButtonControls.cpp">
      <Filter>UserInterface</Filter>
    </ClCompile>
    <ClCompile Include="PlatformDependent\StringConvert.cpp">
      <Filter>PlatformDependent</Filter>
    </ClCompile>
    <ClCompile Include="UserInterface\GroupControls.cpp">
      <Filter>UserInterface</Filter>
    </ClCompile>
    <ClCompile Include="PlatformDependent\KeyCodes.cpp">
      <Filter>PlatformDependent</Filter>
    </ClCompile>
    <ClCompile Include="UserInterface\Menues.cpp">
      <Filter>UserInterface</Filter>
    </ClCompile>
    <ClCompile Include="UserInterface\OverlappedWindows.cpp">
      <Filter>UserInterface</Filter>
    </ClCompile>
    <ClCompile Include="Streaming.cpp">
      <Filter>EngineBase</Filter>
    </ClCompile>
    <ClCompile Include="EngineBase.cpp">
      <Filter>EngineBase</Filter>
    </ClCompile>
    <ClCompile Include="Syntax\Tokenization.cpp">
      <Filter>Syntax</Filter>
    </ClCompile>
    <ClCompile Include="Syntax\Regular.cpp">
      <Filter>Syntax</Filter>
    </ClCompile>
    <ClCompile Include="Syntax\Grammar.cpp">
      <Filter>Syntax</Filter>
    </ClCompile>
    <ClCompile Include="Syntax\MathExpression.cpp">
      <Filter>Syntax</Filter>
    </ClCompile>
    <ClCompile Include="UserInterface\ScrollableControls.cpp">
      <Filter>UserInterface</Filter>
    </ClCompile>
    <ClCompile Include="PlatformDependent\Clipboard.cpp">
      <Filter>PlatformDependent</Filter>
    </ClCompile>
    <ClCompile Include="UserInterface\EditControls.cpp">
      <Filter>UserInterface</Filter>
    </ClCompile>
    <ClCompile Include="ImageCodec\CodecBase.cpp">
      <Filter>ImageCodec</Filter>
    </ClCompile>
    <ClCompile Include="ImageCodec\IconCodec.cpp">
      <Filter>ImageCodec</Filter>
    </ClCompile>
    <ClCompile Include="Processes\Process.cpp">
      <Filter>Processes</Filter>
    </ClCompile>
    <ClCompile Include="Processes\Threading.cpp">
      <Filter>Processes</Filter>
    </ClCompile>
    <ClCompile Include="Processes\Shell.cpp">
      <Filter>Processes</Filter>
    </ClCompile>
    <ClCompile Include="PlatformDependent\Direct3D.cpp">
      <Filter>PlatformDependent</Filter>
    </ClCompile>
    <ClCompile Include="PlatformDependent\NativeStation.cpp">
      <Filter>PlatformDependent</Filter>
    </ClCompile>
    <ClCompile Include="Network\Socket.cpp">
      <Filter>Network</Filter>
    </ClCompile>
    <ClCompile Include="Network\Punycode.cpp">
      <Filter>Network</Filter>
    </ClCompile>
    <ClCompile Include="Miscellaneous\Time.cpp">
      <Filter>Miscellaneous</Filter>
    </ClCompile>
    <ClCompile Include="Storage\Registry.cpp">
      <Filter>Storage</Filter>
    </ClCompile>
    <ClCompile Include="Storage\TextRegistry.cpp">
      <Filter>Storage</Filter>
    </ClCompile>
    <ClCompile Include="Storage\TextRegistryGrammar.cpp">
      <Filter>Storage</Filter>
    </ClCompile>
    <ClCompile Include="Storage\SubbyteCoding.cpp">
      <Filter>Storage</Filter>
    </ClCompile>
    <ClCompile Include="Storage\Compression.cpp">
      <Filter>Storage</Filter>
    </ClCompile>
    <ClCompile Include="Storage\Chain.cpp">
      <Filter>Storage</Filter>
    </ClCompile>
    <ClCompile Include="Miscellaneous\ThreadPool.cpp">
      <Filter>Miscellaneous</Filter>
    </ClCompile>
    <ClCompile Include="Storage\Archive.cpp">
      <Filter>Storage</Filter>
    </ClCompile>
    <ClCompile Include="Storage\ImageVolume.cpp">
      <Filter>Storage</Filter>
    </ClCompile>
    <ClCompile Include="Network\HTTP.cpp">
      <Filter>Network</Filter>
    </ClCompile>
    <ClCompile Include="PlatformDependent\Assembly.cpp">
      <Filter>PlatformDependent</Filter>
    </ClCompile>
    <ClCompile Include="UserInterface\ListControls.cpp">
      <Filter>UserInterface</Filter>
    </ClCompile>
    <ClCompile Include="Storage\StringTable.cpp">
      <Filter>Storage</Filter>
    </ClCompile>
    <ClCompile Include="UserInterface\CombinedControls.cpp">
      <Filter>UserInterface</Filter>
    </ClCompile>
    <ClCompile Include="PlatformDependent\Application.cpp">
      <Filter>PlatformDependent</Filter>
    </ClCompile>
    <ClCompile Include="Math\MathBase.cpp">
      <Filter>Math</Filter>
    </ClCompile>
    <ClCompile Include="Math\Complex.cpp">
      <Filter>Math</Filter>
    </ClCompile>
    <ClCompile Include="Math\Vector.cpp">
      <Filter>Math</Filter>
    </ClCompile>
    <ClCompile Include="Math\Matrix.cpp">
      <Filter>Math</Filter>
    </ClCompile>
    <ClCompile Include="PlatformDependent\SystemColors.cpp">
      <Filter>PlatformDependent</Filter>
    </ClCompile>
    <ClCompile Include="PlatformSpecific\WindowsTaskbar.cpp">
      <Filter>PlatformSpecific</Filter>
    </ClCompile>
    <ClCompile Include="PlatformSpecific\WindowsShortcut.cpp">
      <Filter>PlatformSpecific</Filter>
    </ClCompile>
    <ClCompile Include="PlatformSpecific\WindowsRegistry.cpp">
      <Filter>PlatformSpecific</Filter>
    </ClCompile>
    <ClCompile Include="PlatformSpecific\WindowsEffects.cpp">
      <Filter>PlatformSpecific</Filter>
    </ClCompile>
    <ClCompile Include="Storage\JSON.cpp">
      <Filter>Storage</Filter>
    </ClCompile>
    <ClCompile Include="Storage\Object.cpp">
      <Filter>Storage</Filter>
    </ClCompile>
    <ClCompile Include="UserInterface\BinaryLoaderLegacy.cpp">
      <Filter>UserInterface</Filter>
    </ClCompile>
    <ClCompile Include="UserInterface\InterfaceFormat.cpp">
      <Filter>UserInterface</Filter>
    </ClCompile>
    <ClCompile Include="UserInterface\BinaryLoader.cpp">
      <Filter>UserInterface</Filter>
    </ClCompile>
    <ClCompile Include="Math\Color.cpp">
      <Filter>Math</Filter>
    </ClCompile>
  </ItemGroup>
  <ItemGroup>
    <Natvis Include="EngineRuntime.natvis" />
    <Natvis Include="Syntax.natvis" />
    <Natvis Include="Storage.natvis" />
  </ItemGroup>
</Project>