<?xml version="1.0" encoding="utf-8"?>
<Project ToolsVersion="4.0" xmlns="http://schemas.microsoft.com/developer/msbuild/2003">
  <ItemGroup>
    <Filter Include="PlatformDependent">
      <UniqueIdentifier>{12dec525-6118-461a-adb1-f246e1014429}</UniqueIdentifier>
    </Filter>
    <Filter Include="Miscellaneous">
      <UniqueIdentifier>{142da641-b7d1-438f-8cf4-3cf7eb538bd2}</UniqueIdentifier>
    </Filter>
    <Filter Include="UserInterface">
      <UniqueIdentifier>{ba86bea4-5c5e-47bc-96cd-ad0fcf0e70d5}</UniqueIdentifier>
    </Filter>
    <Filter Include="EngineBase">
      <UniqueIdentifier>{93995380-89BD-4b04-88EB-625FBE52EBFB}</UniqueIdentifier>
      <Extensions>h;hh;hpp;hxx;hm;inl;inc;xsd</Extensions>
    </Filter>
    <Filter Include="Syntax">
      <UniqueIdentifier>{569f7495-0230-4aa0-b033-1ff873855e6d}</UniqueIdentifier>
    </Filter>
    <Filter Include="ImageCodec">
      <UniqueIdentifier>{a7d11f69-e741-41e1-8736-7f7b9bc51687}</UniqueIdentifier>
    </Filter>
    <Filter Include="Processes">
      <UniqueIdentifier>{875d00d9-f3fd-43dc-a781-3f237cb9de17}</UniqueIdentifier>
    </Filter>
    <Filter Include="Network">
      <UniqueIdentifier>{2204c14a-ecd8-4669-a627-ba0341a93a4c}</UniqueIdentifier>
    </Filter>
  </ItemGroup>
  <ItemGroup>
    <ClInclude Include="EngineBase.h">
      <Filter>EngineBase</Filter>
    </ClInclude>
    <ClInclude Include="PlatformDependent\Base.h">
      <Filter>PlatformDependent</Filter>
    </ClInclude>
    <ClInclude Include="PlatformDependent\Direct2D.h">
      <Filter>PlatformDependent</Filter>
    </ClInclude>
    <ClInclude Include="PlatformDependent\FileApi.h">
      <Filter>PlatformDependent</Filter>
    </ClInclude>
    <ClInclude Include="Streaming.h">
      <Filter>EngineBase</Filter>
    </ClInclude>
    <ClInclude Include="PlatformDependent\ComInterop.h">
      <Filter>PlatformDependent</Filter>
    </ClInclude>
    <ClInclude Include="Miscellaneous\Dictionary.h">
      <Filter>Miscellaneous</Filter>
    </ClInclude>
    <ClInclude Include="Miscellaneous\DynamicString.h">
      <Filter>Miscellaneous</Filter>
    </ClInclude>
    <ClInclude Include="UserInterface\ControlBase.h">
      <Filter>UserInterface</Filter>
    </ClInclude>
    <ClInclude Include="UserInterface\ShapeBase.h">
      <Filter>UserInterface</Filter>
    </ClInclude>
    <ClInclude Include="UserInterface\Templates.h">
      <Filter>UserInterface</Filter>
    </ClInclude>
    <ClInclude Include="Miscellaneous\Reflection.h">
      <Filter>Miscellaneous</Filter>
    </ClInclude>
    <ClInclude Include="UserInterface\ControlClasses.h">
      <Filter>UserInterface</Filter>
    </ClInclude>
    <ClInclude Include="UserInterface\BinaryLoader.h">
      <Filter>UserInterface</Filter>
    </ClInclude>
    <ClInclude Include="UserInterface\StaticControls.h">
      <Filter>UserInterface</Filter>
    </ClInclude>
    <ClInclude Include="PlatformDependent\WindowStation.h">
      <Filter>PlatformDependent</Filter>
    </ClInclude>
    <ClInclude Include="UserInterface\ButtonControls.h">
      <Filter>UserInterface</Filter>
    </ClInclude>
    <ClInclude Include="PlatformDependent\StringConvert.h">
      <Filter>PlatformDependent</Filter>
    </ClInclude>
    <ClInclude Include="UserInterface\GroupControls.h">
      <Filter>UserInterface</Filter>
    </ClInclude>
    <ClInclude Include="PlatformDependent\KeyCodes.h">
      <Filter>PlatformDependent</Filter>
    </ClInclude>
    <ClInclude Include="UserInterface\Menues.h">
      <Filter>UserInterface</Filter>
    </ClInclude>
    <ClInclude Include="UserInterface\OverlappedWindows.h">
      <Filter>UserInterface</Filter>
    </ClInclude>
    <ClInclude Include="Syntax\Tokenization.h">
      <Filter>Syntax</Filter>
    </ClInclude>
    <ClInclude Include="Syntax\Regular.h">
      <Filter>Syntax</Filter>
    </ClInclude>
    <ClInclude Include="Syntax\Grammar.h">
      <Filter>Syntax</Filter>
    </ClInclude>
    <ClInclude Include="Syntax\MathExpression.h">
      <Filter>Syntax</Filter>
    </ClInclude>
    <ClInclude Include="UserInterface\ScrollableControls.h">
      <Filter>UserInterface</Filter>
    </ClInclude>
    <ClInclude Include="PlatformDependent\Clipboard.h">
      <Filter>PlatformDependent</Filter>
    </ClInclude>
    <ClInclude Include="UserInterface\EditControls.h">
      <Filter>UserInterface</Filter>
    </ClInclude>
    <ClInclude Include="Miscellaneous\UndoBuffer.h">
      <Filter>Miscellaneous</Filter>
    </ClInclude>
    <ClInclude Include="ImageCodec\CodecBase.h">
      <Filter>ImageCodec</Filter>
    </ClInclude>
    <ClInclude Include="ImageCodec\IconCodec.h">
      <Filter>ImageCodec</Filter>
    </ClInclude>
    <ClInclude Include="UserInterface\Animation.h">
      <Filter>UserInterface</Filter>
    </ClInclude>
    <ClInclude Include="Processes\Process.h">
      <Filter>Processes</Filter>
    </ClInclude>
    <ClInclude Include="Processes\Threading.h">
      <Filter>Processes</Filter>
    </ClInclude>
    <ClInclude Include="Processes\Shell.h">
      <Filter>Processes</Filter>
    </ClInclude>
    <ClInclude Include="PlatformDependent\Direct3D.h">
      <Filter>PlatformDependent</Filter>
    </ClInclude>
    <ClInclude Include="PlatformDependent\NativeStation.h">
      <Filter>PlatformDependent</Filter>
    </ClInclude>
    <ClInclude Include="Network\InternetRequest.h">
      <Filter>Network</Filter>
    </ClInclude>
    <ClInclude Include="Network\Socket.h">
      <Filter>Network</Filter>
    </ClInclude>
  </ItemGroup>
  <ItemGroup>
    <ClCompile Include="PlatformDependent\Base.cpp">
      <Filter>PlatformDependent</Filter>
    </ClCompile>
    <ClCompile Include="PlatformDependent\Direct2D.cpp">
      <Filter>PlatformDependent</Filter>
    </ClCompile>
    <ClCompile Include="PlatformDependent\FileApi.cpp">
      <Filter>PlatformDependent</Filter>
    </ClCompile>
    <ClCompile Include="PlatformDependent\ComInterop.cpp">
      <Filter>PlatformDependent</Filter>
    </ClCompile>
    <ClCompile Include="Miscellaneous\DynamicString.cpp">
      <Filter>Miscellaneous</Filter>
    </ClCompile>
    <ClCompile Include="UserInterface\ControlBase.cpp">
      <Filter>UserInterface</Filter>
    </ClCompile>
    <ClCompile Include="UserInterface\ShapeBase.cpp">
      <Filter>UserInterface</Filter>
    </ClCompile>
    <ClCompile Include="UserInterface\Templates.cpp">
      <Filter>UserInterface</Filter>
    </ClCompile>
    <ClCompile Include="Miscellaneous\Reflection.cpp">
      <Filter>Miscellaneous</Filter>
    </ClCompile>
    <ClCompile Include="UserInterface\BinaryLoader.cpp">
      <Filter>UserInterface</Filter>
    </ClCompile>
    <ClCompile Include="UserInterface\ControlClasses.cpp">
      <Filter>UserInterface</Filter>
    </ClCompile>
    <ClCompile Include="UserInterface\StaticControls.cpp">
      <Filter>UserInterface</Filter>
    </ClCompile>
    <ClCompile Include="PlatformDependent\WindowStation.cpp">
      <Filter>PlatformDependent</Filter>
    </ClCompile>
    <ClCompile Include="UserInterface\ButtonControls.cpp">
      <Filter>UserInterface</Filter>
    </ClCompile>
    <ClCompile Include="PlatformDependent\StringConvert.cpp">
      <Filter>PlatformDependent</Filter>
    </ClCompile>
    <ClCompile Include="UserInterface\GroupControls.cpp">
      <Filter>UserInterface</Filter>
    </ClCompile>
    <ClCompile Include="PlatformDependent\KeyCodes.cpp">
      <Filter>PlatformDependent</Filter>
    </ClCompile>
    <ClCompile Include="UserInterface\Menues.cpp">
      <Filter>UserInterface</Filter>
    </ClCompile>
    <ClCompile Include="UserInterface\OverlappedWindows.cpp">
      <Filter>UserInterface</Filter>
    </ClCompile>
    <ClCompile Include="Streaming.cpp">
      <Filter>EngineBase</Filter>
    </ClCompile>
    <ClCompile Include="EngineBase.cpp">
      <Filter>EngineBase</Filter>
    </ClCompile>
    <ClCompile Include="Syntax\Tokenization.cpp">
      <Filter>Syntax</Filter>
    </ClCompile>
    <ClCompile Include="Syntax\Regular.cpp">
      <Filter>Syntax</Filter>
    </ClCompile>
    <ClCompile Include="Syntax\Grammar.cpp">
      <Filter>Syntax</Filter>
    </ClCompile>
    <ClCompile Include="Syntax\MathExpression.cpp">
      <Filter>Syntax</Filter>
    </ClCompile>
    <ClCompile Include="UserInterface\ScrollableControls.cpp">
      <Filter>UserInterface</Filter>
    </ClCompile>
    <ClCompile Include="PlatformDependent\Clipboard.cpp">
      <Filter>PlatformDependent</Filter>
    </ClCompile>
    <ClCompile Include="UserInterface\EditControls.cpp">
      <Filter>UserInterface</Filter>
    </ClCompile>
    <ClCompile Include="ImageCodec\CodecBase.cpp">
      <Filter>ImageCodec</Filter>
    </ClCompile>
    <ClCompile Include="ImageCodec\IconCodec.cpp">
      <Filter>ImageCodec</Filter>
    </ClCompile>
    <ClCompile Include="Processes\Process.cpp">
      <Filter>Processes</Filter>
    </ClCompile>
    <ClCompile Include="Processes\Threading.cpp">
      <Filter>Processes</Filter>
    </ClCompile>
    <ClCompile Include="Processes\Shell.cpp">
      <Filter>Processes</Filter>
    </ClCompile>
    <ClCompile Include="PlatformDependent\Direct3D.cpp">
      <Filter>PlatformDependent</Filter>
    </ClCompile>
    <ClCompile Include="PlatformDependent\NativeStation.cpp">
      <Filter>PlatformDependent</Filter>
    </ClCompile>
    <ClCompile Include="Network\InternetRequest.cpp">
      <Filter>Network</Filter>
    </ClCompile>
    <ClCompile Include="Network\Socket.cpp">
      <Filter>Network</Filter>
    </ClCompile>
  </ItemGroup>
  <ItemGroup>
    <Natvis Include="EngineRuntime.natvis" />
    <Natvis Include="Syntax.natvis" />
  </ItemGroup>
</Project>